
Microsoft Visual Studio Solution File, Format Version 12.00
# Visual Studio Version 16
VisualStudioVersion = 16.0.30711.63
MinimumVisualStudioVersion = 10.0.40219.1
Project("{8BC9CEB8-8B4A-11D0-8D11-00A0C91BC942}") = "7.2_rec", "7.2_rec\7.2_rec.vcxproj", "{EB06B6E5-CA85-4CCB-AA58-0AE819EA6970}"
EndProject
Project("{8BC9CEB8-8B4A-11D0-8D11-00A0C91BC942}") = "UnitTest1", "UnitTest1\UnitTest1.vcxproj", "{8440544D-98A0-429C-A7E7-53EBCB2B707B}"
EndProject
Global
	GlobalSection(SolutionConfigurationPlatforms) = preSolution
		Debug|x64 = Debug|x64
		Debug|x86 = Debug|x86
		Release|x64 = Release|x64
		Release|x86 = Release|x86
	EndGlobalSection
	GlobalSection(ProjectConfigurationPlatforms) = postSolution
		{EB06B6E5-CA85-4CCB-AA58-0AE819EA6970}.Debug|x64.ActiveCfg = Debug|x64
		{EB06B6E5-CA85-4CCB-AA58-0AE819EA6970}.Debug|x64.Build.0 = Debug|x64
		{EB06B6E5-CA85-4CCB-AA58-0AE819EA6970}.Debug|x86.ActiveCfg = Debug|Win32
		{EB06B6E5-CA85-4CCB-AA58-0AE819EA6970}.Debug|x86.Build.0 = Debug|Win32
		{EB06B6E5-CA85-4CCB-AA58-0AE819EA6970}.Release|x64.ActiveCfg = Release|x64
		{EB06B6E5-CA85-4CCB-AA58-0AE819EA6970}.Release|x64.Build.0 = Release|x64
		{EB06B6E5-CA85-4CCB-AA58-0AE819EA6970}.Release|x86.ActiveCfg = Release|Win32
		{EB06B6E5-CA85-4CCB-AA58-0AE819EA6970}.Release|x86.Build.0 = Release|Win32
		{8440544D-98A0-429C-A7E7-53EBCB2B707B}.Debug|x64.ActiveCfg = Debug|x64
		{8440544D-98A0-429C-A7E7-53EBCB2B707B}.Debug|x64.Build.0 = Debug|x64
		{8440544D-98A0-429C-A7E7-53EBCB2B707B}.Debug|x86.ActiveCfg = Debug|Win32
		{8440544D-98A0-429C-A7E7-53EBCB2B707B}.Debug|x86.Build.0 = Debug|Win32
		{8440544D-98A0-429C-A7E7-53EBCB2B707B}.Release|x64.ActiveCfg = Release|x64
		{8440544D-98A0-429C-A7E7-53EBCB2B707B}.Release|x64.Build.0 = Release|x64
		{8440544D-98A0-429C-A7E7-53EBCB2B707B}.Release|x86.ActiveCfg = Release|Win32
		{8440544D-98A0-429C-A7E7-53EBCB2B707B}.Release|x86.Build.0 = Release|Win32
	EndGlobalSection
	GlobalSection(SolutionProperties) = preSolution
		HideSolutionNode = FALSE
	EndGlobalSection
	GlobalSection(ExtensibilityGlobals) = postSolution
		SolutionGuid = {6CFA6BA6-E63C-43DC-A339-319C12ED6489}
	EndGlobalSection
EndGlobal
